// !$*UTF8*$!
{
	archiveVersion = 1;
	classes = {
	};
	objectVersion = 56;
	objects = {

/* Begin PBXBuildFile section */
		EF80B119291BC93700568F62 /* AppDelegate.swift in Sources */ = {isa = PBXBuildFile; fileRef = EF80B118291BC93700568F62 /* AppDelegate.swift */; };
		EF80B11B291BC93700568F62 /* SceneDelegate.swift in Sources */ = {isa = PBXBuildFile; fileRef = EF80B11A291BC93700568F62 /* SceneDelegate.swift */; };
		EF80B11D291BC93700568F62 /* ViewController.swift in Sources */ = {isa = PBXBuildFile; fileRef = EF80B11C291BC93700568F62 /* ViewController.swift */; };
		EF80B120291BC93700568F62 /* Main.storyboard in Resources */ = {isa = PBXBuildFile; fileRef = EF80B11E291BC93700568F62 /* Main.storyboard */; };
		EF80B122291BC93700568F62 /* Assets.xcassets in Resources */ = {isa = PBXBuildFile; fileRef = EF80B121291BC93700568F62 /* Assets.xcassets */; };
		EF80B125291BC93700568F62 /* LaunchScreen.storyboard in Resources */ = {isa = PBXBuildFile; fileRef = EF80B123291BC93700568F62 /* LaunchScreen.storyboard */; };
		EF80B12E291BD4F000568F62 /* Countries.swift in Sources */ = {isa = PBXBuildFile; fileRef = EF80B12D291BD4F000568F62 /* Countries.swift */; };
		EF80B136291BE14F00568F62 /* Service.swift in Sources */ = {isa = PBXBuildFile; fileRef = EF80B135291BE14F00568F62 /* Service.swift */; };
		EF80B138291BE2D600568F62 /* CountriesWrapper.swift in Sources */ = {isa = PBXBuildFile; fileRef = EF80B137291BE2D600568F62 /* CountriesWrapper.swift */; };
		EF974A5B2922CFA500FA7D78 /* CustomCell.swift in Sources */ = {isa = PBXBuildFile; fileRef = EF974A5A2922CFA500FA7D78 /* CustomCell.swift */; };
/* End PBXBuildFile section */

/* Begin PBXFileReference section */
		EF80B115291BC93700568F62 /* WalmartCodingTest.app */ = {isa = PBXFileReference; explicitFileType = wrapper.application; includeInIndex = 0; path = WalmartCodingTest.app; sourceTree = BUILT_PRODUCTS_DIR; };
		EF80B118291BC93700568F62 /* AppDelegate.swift */ = {isa = PBXFileReference; lastKnownFileType = sourcecode.swift; path = AppDelegate.swift; sourceTree = "<group>"; };
		EF80B11A291BC93700568F62 /* SceneDelegate.swift */ = {isa = PBXFileReference; lastKnownFileType = sourcecode.swift; path = SceneDelegate.swift; sourceTree = "<group>"; };
		EF80B11C291BC93700568F62 /* ViewController.swift */ = {isa = PBXFileReference; lastKnownFileType = sourcecode.swift; path = ViewController.swift; sourceTree = "<group>"; };
		EF80B11F291BC93700568F62 /* Base */ = {isa = PBXFileReference; lastKnownFileType = file.storyboard; name = Base; path = Base.lproj/Main.storyboard; sourceTree = "<group>"; };
		EF80B121291BC93700568F62 /* Assets.xcassets */ = {isa = PBXFileReference; lastKnownFileType = folder.assetcatalog; path = Assets.xcassets; sourceTree = "<group>"; };
		EF80B124291BC93700568F62 /* Base */ = {isa = PBXFileReference; lastKnownFileType = file.storyboard; name = Base; path = Base.lproj/LaunchScreen.storyboard; sourceTree = "<group>"; };
		EF80B126291BC93700568F62 /* Info.plist */ = {isa = PBXFileReference; lastKnownFileType = text.plist.xml; path = Info.plist; sourceTree = "<group>"; };
		EF80B12D291BD4F000568F62 /* Countries.swift */ = {isa = PBXFileReference; lastKnownFileType = sourcecode.swift; path = Countries.swift; sourceTree = "<group>"; };
		EF80B135291BE14F00568F62 /* Service.swift */ = {isa = PBXFileReference; fileEncoding = 4; lastKnownFileType = sourcecode.swift; path = Service.swift; sourceTree = "<group>"; };
		EF80B137291BE2D600568F62 /* CountriesWrapper.swift */ = {isa = PBXFileReference; lastKnownFileType = sourcecode.swift; path = CountriesWrapper.swift; sourceTree = "<group>"; };
		EF974A5A2922CFA500FA7D78 /* CustomCell.swift */ = {isa = PBXFileReference; lastKnownFileType = sourcecode.swift; path = CustomCell.swift; sourceTree = "<group>"; };
/* End PBXFileReference section */

/* Begin PBXFrameworksBuildPhase section */
		EF80B112291BC93700568F62 /* Frameworks */ = {
			isa = PBXFrameworksBuildPhase;
			buildActionMask = 2147483647;
			files = (
			);
			runOnlyForDeploymentPostprocessing = 0;
		};
/* End PBXFrameworksBuildPhase section */

/* Begin PBXGroup section */
		EF80B10C291BC93700568F62 = {
			isa = PBXGroup;
			children = (
				EF80B117291BC93700568F62 /* WalmartCodingTest */,
				EF80B116291BC93700568F62 /* Products */,
			);
			sourceTree = "<group>";
		};
		EF80B116291BC93700568F62 /* Products */ = {
			isa = PBXGroup;
			children = (
				EF80B115291BC93700568F62 /* WalmartCodingTest.app */,
			);
			name = Products;
			sourceTree = "<group>";
		};
		EF80B117291BC93700568F62 /* WalmartCodingTest */ = {
			isa = PBXGroup;
			children = (
				EF80B11A291BC93700568F62 /* SceneDelegate.swift */,
				EF80B118291BC93700568F62 /* AppDelegate.swift */,
				EF80B135291BE14F00568F62 /* Service.swift */,
				EF80B132291BD9B700568F62 /* Cells */,
				EF80B131291BD9A200568F62 /* Controllers */,
				EF80B12C291BD45E00568F62 /* Models */,
				EF80B11E291BC93700568F62 /* Main.storyboard */,
				EF80B121291BC93700568F62 /* Assets.xcassets */,
				EF80B123291BC93700568F62 /* LaunchScreen.storyboard */,
				EF80B126291BC93700568F62 /* Info.plist */,
			);
			path = WalmartCodingTest;
			sourceTree = "<group>";
		};
		EF80B12C291BD45E00568F62 /* Models */ = {
			isa = PBXGroup;
			children = (
				EF80B12D291BD4F000568F62 /* Countries.swift */,
				EF80B137291BE2D600568F62 /* CountriesWrapper.swift */,
			);
			path = Models;
			sourceTree = "<group>";
		};
		EF80B131291BD9A200568F62 /* Controllers */ = {
			isa = PBXGroup;
			children = (
				EF80B11C291BC93700568F62 /* ViewController.swift */,
			);
			path = Controllers;
			sourceTree = "<group>";
		};
		EF80B132291BD9B700568F62 /* Cells */ = {
			isa = PBXGroup;
			children = (
				EF974A5A2922CFA500FA7D78 /* CustomCell.swift */,
			);
			path = Cells;
			sourceTree = "<group>";
		};
/* End PBXGroup section */

/* Begin PBXNativeTarget section */
		EF80B114291BC93700568F62 /* WalmartCodingTest */ = {
			isa = PBXNativeTarget;
			buildConfigurationList = EF80B129291BC93700568F62 /* Build configuration list for PBXNativeTarget "WalmartCodingTest" */;
			buildPhases = (
				EF80B111291BC93700568F62 /* Sources */,
				EF80B112291BC93700568F62 /* Frameworks */,
				EF80B113291BC93700568F62 /* Resources */,
			);
			buildRules = (
			);
			dependencies = (
			);
			name = WalmartCodingTest;
			productName = WalmartCodingTest;
			productReference = EF80B115291BC93700568F62 /* WalmartCodingTest.app */;
			productType = "com.apple.product-type.application";
		};
/* End PBXNativeTarget section */

/* Begin PBXProject section */
		EF80B10D291BC93700568F62 /* Project object */ = {
			isa = PBXProject;
			attributes = {
				BuildIndependentTargetsInParallel = 1;
				LastSwiftUpdateCheck = 1400;
				LastUpgradeCheck = 1400;
				TargetAttributes = {
					EF80B114291BC93700568F62 = {
						CreatedOnToolsVersion = 14.0.1;
					};
				};
			};
			buildConfigurationList = EF80B110291BC93700568F62 /* Build configuration list for PBXProject "WalmartCodingTest" */;
			compatibilityVersion = "Xcode 14.0";
			developmentRegion = en;
			hasScannedForEncodings = 0;
			knownRegions = (
				en,
				Base,
			);
			mainGroup = EF80B10C291BC93700568F62;
			productRefGroup = EF80B116291BC93700568F62 /* Products */;
			projectDirPath = "";
			projectRoot = "";
			targets = (
				EF80B114291BC93700568F62 /* WalmartCodingTest */,
			);
		};
/* End PBXProject section */

/* Begin PBXResourcesBuildPhase section */
		EF80B113291BC93700568F62 /* Resources */ = {
			isa = PBXResourcesBuildPhase;
			buildActionMask = 2147483647;
			files = (
				EF80B125291BC93700568F62 /* LaunchScreen.storyboard in Resources */,
				EF80B122291BC93700568F62 /* Assets.xcassets in Resources */,
				EF80B120291BC93700568F62 /* Main.storyboard in Resources */,
			);
			runOnlyForDeploymentPostprocessing = 0;
		};
/* End PBXResourcesBuildPhase section */

/* Begin PBXSourcesBuildPhase section */
		EF80B111291BC93700568F62 /* Sources */ = {
			isa = PBXSourcesBuildPhase;
			buildActionMask = 2147483647;
			files = (
				EF80B11D291BC93700568F62 /* ViewController.swift in Sources */,
				EF80B138291BE2D600568F62 /* CountriesWrapper.swift in Sources */,
				EF80B119291BC93700568F62 /* AppDelegate.swift in Sources */,
				EF80B12E291BD4F000568F62 /* Countries.swift in Sources */,
				EF80B11B291BC93700568F62 /* SceneDelegate.swift in Sources */,
				EF974A5B2922CFA500FA7D78 /* CustomCell.swift in Sources */,
				EF80B136291BE14F00568F62 /* Service.swift in Sources */,
			);
			runOnlyForDeploymentPostprocessing = 0;
		};
/* End PBXSourcesBuildPhase section */

/* Begin PBXVariantGroup section */
		EF80B11E291BC93700568F62 /* Main.storyboard */ = {
			isa = PBXVariantGroup;
			children = (
				EF80B11F291BC93700568F62 /* Base */,
			);
			name = Main.storyboard;
			sourceTree = "<group>";
		};
		EF80B123291BC93700568F62 /* LaunchScreen.storyboard */ = {
			isa = PBXVariantGroup;
			children = (
				EF80B124291BC93700568F62 /* Base */,
			);
			name = LaunchScreen.storyboard;
			sourceTree = "<group>";
		};
/* End PBXVariantGroup section */

/* Begin XCBuildConfiguration section */
		EF80B127291BC93700568F62 /* Debug */ = {
			isa = XCBuildConfiguration;
			buildSettings = {
				ALWAYS_SEARCH_USER_PATHS = NO;
				CLANG_ANALYZER_NONNULL = YES;
				CLANG_ANALYZER_NUMBER_OBJECT_CONVERSION = YES_AGGRESSIVE;
				CLANG_CXX_LANGUAGE_STANDARD = "gnu++20";
				CLANG_ENABLE_MODULES = YES;
				CLANG_ENABLE_OBJC_ARC = YES;
				CLANG_ENABLE_OBJC_WEAK = YES;
				CLANG_WARN_BLOCK_CAPTURE_AUTORELEASING = YES;
				CLANG_WARN_BOOL_CONVERSION = YES;
				CLANG_WARN_COMMA = YES;
				CLANG_WARN_CONSTANT_CONVERSION = YES;
				CLANG_WARN_DEPRECATED_OBJC_IMPLEMENTATIONS = YES;
				CLANG_WARN_DIRECT_OBJC_ISA_USAGE = YES_ERROR;
				CLANG_WARN_DOCUMENTATION_COMMENTS = YES;
				CLANG_WARN_EMPTY_BODY = YES;
				CLANG_WARN_ENUM_CONVERSION = YES;
				CLANG_WARN_INFINITE_RECURSION = YES;
				CLANG_WARN_INT_CONVERSION = YES;
				CLANG_WARN_NON_LITERAL_NULL_CONVERSION = YES;
				CLANG_WARN_OBJC_IMPLICIT_RETAIN_SELF = YES;
				CLANG_WARN_OBJC_LITERAL_CONVERSION = YES;
				CLANG_WARN_OBJC_ROOT_CLASS = YES_ERROR;
				CLANG_WARN_QUOTED_INCLUDE_IN_FRAMEWORK_HEADER = YES;
				CLANG_WARN_RANGE_LOOP_ANALYSIS = YES;
				CLANG_WARN_STRICT_PROTOTYPES = YES;
				CLANG_WARN_SUSPICIOUS_MOVE = YES;
				CLANG_WARN_UNGUARDED_AVAILABILITY = YES_AGGRESSIVE;
				CLANG_WARN_UNREACHABLE_CODE = YES;
				CLANG_WARN__DUPLICATE_METHOD_MATCH = YES;
				COPY_PHASE_STRIP = NO;
				DEBUG_INFORMATION_FORMAT = dwarf;
				ENABLE_STRICT_OBJC_MSGSEND = YES;
				ENABLE_TESTABILITY = YES;
				GCC_C_LANGUAGE_STANDARD = gnu11;
				GCC_DYNAMIC_NO_PIC = NO;
				GCC_NO_COMMON_BLOCKS = YES;
				GCC_OPTIMIZATION_LEVEL = 0;
				GCC_PREPROCESSOR_DEFINITIONS = (
					"DEBUG=1",
					"$(inherited)",
				);
				GCC_WARN_64_TO_32_BIT_CONVERSION = YES;
				GCC_WARN_ABOUT_RETURN_TYPE = YES_ERROR;
				GCC_WARN_UNDECLARED_SELECTOR = YES;
				GCC_WARN_UNINITIALIZED_AUTOS = YES_AGGRESSIVE;
				GCC_WARN_UNUSED_FUNCTION = YES;
				GCC_WARN_UNUSED_VARIABLE = YES;
				IPHONEOS_DEPLOYMENT_TARGET = 16.0;
				MTL_ENABLE_DEBUG_INFO = INCLUDE_SOURCE;
				MTL_FAST_MATH = YES;
				ONLY_ACTIVE_ARCH = YES;
				SDKROOT = iphoneos;
				SWIFT_ACTIVE_COMPILATION_CONDITIONS = DEBUG;
				SWIFT_OPTIMIZATION_LEVEL = "-Onone";
			};
			name = Debug;
		};
		EF80B128291BC93700568F62 /* Release */ = {
			isa = XCBuildConfiguration;
			buildSettings = {
				ALWAYS_SEARCH_USER_PATHS = NO;
				CLANG_ANALYZER_NONNULL = YES;
				CLANG_ANALYZER_NUMBER_OBJECT_CONVERSION = YES_AGGRESSIVE;
				CLANG_CXX_LANGUAGE_STANDARD = "gnu++20";
				CLANG_ENABLE_MODULES = YES;
				CLANG_ENABLE_OBJC_ARC = YES;
				CLANG_ENABLE_OBJC_WEAK = YES;
				CLANG_WARN_BLOCK_CAPTURE_AUTORELEASING = YES;
				CLANG_WARN_BOOL_CONVERSION = YES;
				CLANG_WARN_COMMA = YES;
				CLANG_WARN_CONSTANT_CONVERSION = YES;
				CLANG_WARN_DEPRECATED_OBJC_IMPLEMENTATIONS = YES;
				CLANG_WARN_DIRECT_OBJC_ISA_USAGE = YES_ERROR;
				CLANG_WARN_DOCUMENTATION_COMMENTS = YES;
				CLANG_WARN_EMPTY_BODY = YES;
				CLANG_WARN_ENUM_CONVERSION = YES;
				CLANG_WARN_INFINITE_RECURSION = YES;
				CLANG_WARN_INT_CONVERSION = YES;
				CLANG_WARN_NON_LITERAL_NULL_CONVERSION = YES;
				CLANG_WARN_OBJC_IMPLICIT_RETAIN_SELF = YES;
				CLANG_WARN_OBJC_LITERAL_CONVERSION = YES;
				CLANG_WARN_OBJC_ROOT_CLASS = YES_ERROR;
				CLANG_WARN_QUOTED_INCLUDE_IN_FRAMEWORK_HEADER = YES;
				CLANG_WARN_RANGE_LOOP_ANALYSIS = YES;
				CLANG_WARN_STRICT_PROTOTYPES = YES;
				CLANG_WARN_SUSPICIOUS_MOVE = YES;
				CLANG_WARN_UNGUARDED_AVAILABILITY = YES_AGGRESSIVE;
				CLANG_WARN_UNREACHABLE_CODE = YES;
				CLANG_WARN__DUPLICATE_METHOD_MATCH = YES;
				COPY_PHASE_STRIP = NO;
				DEBUG_INFORMATION_FORMAT = "dwarf-with-dsym";
				ENABLE_NS_ASSERTIONS = NO;
				ENABLE_STRICT_OBJC_MSGSEND = YES;
				GCC_C_LANGUAGE_STANDARD = gnu11;
				GCC_NO_COMMON_BLOCKS = YES;
				GCC_WARN_64_TO_32_BIT_CONVERSION = YES;
				GCC_WARN_ABOUT_RETURN_TYPE = YES_ERROR;
				GCC_WARN_UNDECLARED_SELECTOR = YES;
				GCC_WARN_UNINITIALIZED_AUTOS = YES_AGGRESSIVE;
				GCC_WARN_UNUSED_FUNCTION = YES;
				GCC_WARN_UNUSED_VARIABLE = YES;
				IPHONEOS_DEPLOYMENT_TARGET = 16.0;
				MTL_ENABLE_DEBUG_INFO = NO;
				MTL_FAST_MATH = YES;
				SDKROOT = iphoneos;
				SWIFT_COMPILATION_MODE = wholemodule;
				SWIFT_OPTIMIZATION_LEVEL = "-O";
				VALIDATE_PRODUCT = YES;
			};
			name = Release;
		};
		EF80B12A291BC93700568F62 /* Debug */ = {
			isa = XCBuildConfiguration;
			buildSettings = {
				ASSETCATALOG_COMPILER_APPICON_NAME = AppIcon;
				ASSETCATALOG_COMPILER_GLOBAL_ACCENT_COLOR_NAME = AccentColor;
				CODE_SIGN_STYLE = Automatic;
				CURRENT_PROJECT_VERSION = 1;
				DEVELOPMENT_TEAM = GTL2PGX2TX;
				GENERATE_INFOPLIST_FILE = YES;
				INFOPLIST_FILE = WalmartCodingTest/Info.plist;
				INFOPLIST_KEY_UIApplicationSupportsIndirectInputEvents = YES;
				INFOPLIST_KEY_UILaunchStoryboardName = LaunchScreen;
				INFOPLIST_KEY_UIMainStoryboardFile = Main;
				INFOPLIST_KEY_UISupportedInterfaceOrientations_iPad = "UIInterfaceOrientationPortrait UIInterfaceOrientationPortraitUpsideDown UIInterfaceOrientationLandscapeLeft UIInterfaceOrientationLandscapeRight";
				INFOPLIST_KEY_UISupportedInterfaceOrientations_iPhone = "UIInterfaceOrientationPortrait UIInterfaceOrientationLandscapeLeft UIInterfaceOrientationLandscapeRight";
				LD_RUNPATH_SEARCH_PATHS = (
					"$(inherited)",
					"@executable_path/Frameworks",
				);
				MARKETING_VERSION = 1.0;
				PRODUCT_BUNDLE_IDENTIFIER = com.swiftUi.identifier.WalmartCodingTest;
				PRODUCT_NAME = "$(TARGET_NAME)";
				SWIFT_EMIT_LOC_STRINGS = YES;
				SWIFT_VERSION = 5.0;
				TARGETED_DEVICE_FAMILY = "1,2";
			};
			name = Debug;
		};
		EF80B12B291BC93700568F62 /* Release */ = {
			isa = XCBuildConfiguration;
			buildSettings = {
				ASSETCATALOG_COMPILER_APPICON_NAME = AppIcon;
				ASSETCATALOG_COMPILER_GLOBAL_ACCENT_COLOR_NAME = AccentColor;
				CODE_SIGN_STYLE = Automatic;
				CURRENT_PROJECT_VERSION = 1;
				DEVELOPMENT_TEAM = GTL2PGX2TX;
				GENERATE_INFOPLIST_FILE = YES;
				INFOPLIST_FILE = WalmartCodingTest/Info.plist;
				INFOPLIST_KEY_UIApplicationSupportsIndirectInputEvents = YES;
				INFOPLIST_KEY_UILaunchStoryboardName = LaunchScreen;
				INFOPLIST_KEY_UIMainStoryboardFile = Main;
				INFOPLIST_KEY_UISupportedInterfaceOrientations_iPad = "UIInterfaceOrientationPortrait UIInterfaceOrientationPortraitUpsideDown UIInterfaceOrientationLandscapeLeft UIInterfaceOrientationLandscapeRight";
				INFOPLIST_KEY_UISupportedInterfaceOrientations_iPhone = "UIInterfaceOrientationPortrait UIInterfaceOrientationLandscapeLeft UIInterfaceOrientationLandscapeRight";
				LD_RUNPATH_SEARCH_PATHS = (
					"$(inherited)",
					"@executable_path/Frameworks",
				);
				MARKETING_VERSION = 1.0;
				PRODUCT_BUNDLE_IDENTIFIER = com.swiftUi.identifier.WalmartCodingTest;
				PRODUCT_NAME = "$(TARGET_NAME)";
				SWIFT_EMIT_LOC_STRINGS = YES;
				SWIFT_VERSION = 5.0;
				TARGETED_DEVICE_FAMILY = "1,2";
			};
			name = Release;
		};
/* End XCBuildConfiguration section */

/* Begin XCConfigurationList section */
		EF80B110291BC93700568F62 /* Build configuration list for PBXProject "WalmartCodingTest" */ = {
			isa = XCConfigurationList;
			buildConfigurations = (
				EF80B127291BC93700568F62 /* Debug */,
				EF80B128291BC93700568F62 /* Release */,
			);
			defaultConfigurationIsVisible = 0;
			defaultConfigurationName = Release;
		};
		EF80B129291BC93700568F62 /* Build configuration list for PBXNativeTarget "WalmartCodingTest" */ = {
			isa = XCConfigurationList;
			buildConfigurations = (
				EF80B12A291BC93700568F62 /* Debug */,
				EF80B12B291BC93700568F62 /* Release */,
			);
			defaultConfigurationIsVisible = 0;
			defaultConfigurationName = Release;
		};
/* End XCConfigurationList section */
	};
	rootObject = EF80B10D291BC93700568F62 /* Project object */;
}
